// !$*UTF8*$!
{
	archiveVersion = 1;
	classes = {
	};
	objectVersion = 51;
	objects = {

/* Begin PBXBuildFile section */
		1802281026A5745A00168256 /* AppDelegate.swift in Sources */ = {isa = PBXBuildFile; fileRef = 1802280F26A5745A00168256 /* AppDelegate.swift */; };
		1802281226A5745A00168256 /* SceneDelegate.swift in Sources */ = {isa = PBXBuildFile; fileRef = 1802281126A5745A00168256 /* SceneDelegate.swift */; };
		1802281426A5745A00168256 /* MainViewController.swift in Sources */ = {isa = PBXBuildFile; fileRef = 1802281326A5745A00168256 /* MainViewController.swift */; };
		1802281726A5745A00168256 /* Main.storyboard in Resources */ = {isa = PBXBuildFile; fileRef = 1802281526A5745A00168256 /* Main.storyboard */; };
		1802281926A5745F00168256 /* Assets.xcassets in Resources */ = {isa = PBXBuildFile; fileRef = 1802281826A5745F00168256 /* Assets.xcassets */; };
		1802281C26A5745F00168256 /* LaunchScreen.storyboard in Resources */ = {isa = PBXBuildFile; fileRef = 1802281A26A5745F00168256 /* LaunchScreen.storyboard */; };
		1802282726A5745F00168256 /* MovieAppTests.swift in Sources */ = {isa = PBXBuildFile; fileRef = 1802282626A5745F00168256 /* MovieAppTests.swift */; };
		1802283226A5745F00168256 /* MovieAppUITests.swift in Sources */ = {isa = PBXBuildFile; fileRef = 1802283126A5745F00168256 /* MovieAppUITests.swift */; };
		1802284126A591DC00168256 /* Constants.swift in Sources */ = {isa = PBXBuildFile; fileRef = 1802284026A591DC00168256 /* Constants.swift */; };
		1802284326A5920300168256 /* Router.swift in Sources */ = {isa = PBXBuildFile; fileRef = 1802284226A5920300168256 /* Router.swift */; };
		1802284526A5921100168256 /* APIService.swift in Sources */ = {isa = PBXBuildFile; fileRef = 1802284426A5921100168256 /* APIService.swift */; };
		1802284826A5930C00168256 /* Movie.swift in Sources */ = {isa = PBXBuildFile; fileRef = 1802284726A5930C00168256 /* Movie.swift */; };
		1802284A26A59B3500168256 /* MoviesResponse.swift in Sources */ = {isa = PBXBuildFile; fileRef = 1802284926A59B3500168256 /* MoviesResponse.swift */; };
		1802284D26A59BDD00168256 /* MovieDBApiTests.swift in Sources */ = {isa = PBXBuildFile; fileRef = 1802284C26A59BDD00168256 /* MovieDBApiTests.swift */; };
		186F65B926A5D6EB00F07D44 /* Person.swift in Sources */ = {isa = PBXBuildFile; fileRef = 186F65B826A5D6EB00F07D44 /* Person.swift */; };
		186F65BB26A611FA00F07D44 /* MediaResponse.swift in Sources */ = {isa = PBXBuildFile; fileRef = 186F65BA26A611FA00F07D44 /* MediaResponse.swift */; };
		186F65BD26A6121200F07D44 /* Media.swift in Sources */ = {isa = PBXBuildFile; fileRef = 186F65BC26A6121200F07D44 /* Media.swift */; };
		186F65BF26A623E600F07D44 /* Cast.swift in Sources */ = {isa = PBXBuildFile; fileRef = 186F65BE26A623E500F07D44 /* Cast.swift */; };
		186F65C126A62B1A00F07D44 /* Video.swift in Sources */ = {isa = PBXBuildFile; fileRef = 186F65C026A62B1A00F07D44 /* Video.swift */; };
		186F65C326A633EF00F07D44 /* Genre.swift in Sources */ = {isa = PBXBuildFile; fileRef = 186F65C226A633EF00F07D44 /* Genre.swift */; };
		186F65DD26A6D2C200F07D44 /* UIColor+HexValue.swift in Sources */ = {isa = PBXBuildFile; fileRef = 186F65DC26A6D2C200F07D44 /* UIColor+HexValue.swift */; };
		186F65E126A6DFFD00F07D44 /* MovieTableViewCell.swift in Sources */ = {isa = PBXBuildFile; fileRef = 186F65E026A6DFFD00F07D44 /* MovieTableViewCell.swift */; };
		186F65E326A6E0B300F07D44 /* MoviesViewModel.swift in Sources */ = {isa = PBXBuildFile; fileRef = 186F65E226A6E0B300F07D44 /* MoviesViewModel.swift */; };
		186F65E526A6E18000F07D44 /* MovieTableViewDataSource.swift in Sources */ = {isa = PBXBuildFile; fileRef = 186F65E426A6E18000F07D44 /* MovieTableViewDataSource.swift */; };
		186F65E726A6EFB900F07D44 /* SectionHeaderView.swift in Sources */ = {isa = PBXBuildFile; fileRef = 186F65E626A6EFB900F07D44 /* SectionHeaderView.swift */; };
		186F65EF26A71BF900F07D44 /* StarRatingView.swift in Sources */ = {isa = PBXBuildFile; fileRef = 186F65EE26A71BF900F07D44 /* StarRatingView.swift */; };
		1B610A5760577535F3E7115B /* Pods_MovieApp_MovieAppUITests.framework in Frameworks */ = {isa = PBXBuildFile; fileRef = 208C70958B6E1B9A5A720CA4 /* Pods_MovieApp_MovieAppUITests.framework */; };
		7F4DD76455255F6320EA44C2 /* Pods_MovieApp.framework in Frameworks */ = {isa = PBXBuildFile; fileRef = 1C28736D0592DE9F18889E9B /* Pods_MovieApp.framework */; };
		F0C69F85A4482A84EF6AF0AD /* Pods_MovieAppTests.framework in Frameworks */ = {isa = PBXBuildFile; fileRef = 90D8EEE9CD854960E9529734 /* Pods_MovieAppTests.framework */; };
/* End PBXBuildFile section */

/* Begin PBXContainerItemProxy section */
		1802282326A5745F00168256 /* PBXContainerItemProxy */ = {
			isa = PBXContainerItemProxy;
			containerPortal = 1802280426A5745A00168256 /* Project object */;
			proxyType = 1;
			remoteGlobalIDString = 1802280B26A5745A00168256;
			remoteInfo = MovieApp;
		};
		1802282E26A5745F00168256 /* PBXContainerItemProxy */ = {
			isa = PBXContainerItemProxy;
			containerPortal = 1802280426A5745A00168256 /* Project object */;
			proxyType = 1;
			remoteGlobalIDString = 1802280B26A5745A00168256;
			remoteInfo = MovieApp;
		};
/* End PBXContainerItemProxy section */

/* Begin PBXFileReference section */
		1581DC3817EC98C8C8C02F18 /* Pods-MovieAppTests.debug.xcconfig */ = {isa = PBXFileReference; includeInIndex = 1; lastKnownFileType = text.xcconfig; name = "Pods-MovieAppTests.debug.xcconfig"; path = "Target Support Files/Pods-MovieAppTests/Pods-MovieAppTests.debug.xcconfig"; sourceTree = "<group>"; };
		1802280C26A5745A00168256 /* MovieApp.app */ = {isa = PBXFileReference; explicitFileType = wrapper.application; includeInIndex = 0; path = MovieApp.app; sourceTree = BUILT_PRODUCTS_DIR; };
		1802280F26A5745A00168256 /* AppDelegate.swift */ = {isa = PBXFileReference; lastKnownFileType = sourcecode.swift; path = AppDelegate.swift; sourceTree = "<group>"; };
		1802281126A5745A00168256 /* SceneDelegate.swift */ = {isa = PBXFileReference; lastKnownFileType = sourcecode.swift; path = SceneDelegate.swift; sourceTree = "<group>"; };
		1802281326A5745A00168256 /* MainViewController.swift */ = {isa = PBXFileReference; lastKnownFileType = sourcecode.swift; path = MainViewController.swift; sourceTree = "<group>"; };
		1802281626A5745A00168256 /* Base */ = {isa = PBXFileReference; lastKnownFileType = file.storyboard; name = Base; path = Base.lproj/Main.storyboard; sourceTree = "<group>"; };
		1802281826A5745F00168256 /* Assets.xcassets */ = {isa = PBXFileReference; lastKnownFileType = folder.assetcatalog; path = Assets.xcassets; sourceTree = "<group>"; };
		1802281B26A5745F00168256 /* Base */ = {isa = PBXFileReference; lastKnownFileType = file.storyboard; name = Base; path = Base.lproj/LaunchScreen.storyboard; sourceTree = "<group>"; };
		1802281D26A5745F00168256 /* Info.plist */ = {isa = PBXFileReference; lastKnownFileType = text.plist.xml; path = Info.plist; sourceTree = "<group>"; };
		1802282226A5745F00168256 /* MovieAppTests.xctest */ = {isa = PBXFileReference; explicitFileType = wrapper.cfbundle; includeInIndex = 0; path = MovieAppTests.xctest; sourceTree = BUILT_PRODUCTS_DIR; };
		1802282626A5745F00168256 /* MovieAppTests.swift */ = {isa = PBXFileReference; lastKnownFileType = sourcecode.swift; path = MovieAppTests.swift; sourceTree = "<group>"; };
		1802282826A5745F00168256 /* Info.plist */ = {isa = PBXFileReference; lastKnownFileType = text.plist.xml; path = Info.plist; sourceTree = "<group>"; };
		1802282D26A5745F00168256 /* MovieAppUITests.xctest */ = {isa = PBXFileReference; explicitFileType = wrapper.cfbundle; includeInIndex = 0; path = MovieAppUITests.xctest; sourceTree = BUILT_PRODUCTS_DIR; };
		1802283126A5745F00168256 /* MovieAppUITests.swift */ = {isa = PBXFileReference; lastKnownFileType = sourcecode.swift; path = MovieAppUITests.swift; sourceTree = "<group>"; };
		1802283326A5745F00168256 /* Info.plist */ = {isa = PBXFileReference; lastKnownFileType = text.plist.xml; path = Info.plist; sourceTree = "<group>"; };
		1802284026A591DC00168256 /* Constants.swift */ = {isa = PBXFileReference; lastKnownFileType = sourcecode.swift; path = Constants.swift; sourceTree = "<group>"; };
		1802284226A5920300168256 /* Router.swift */ = {isa = PBXFileReference; lastKnownFileType = sourcecode.swift; path = Router.swift; sourceTree = "<group>"; };
		1802284426A5921100168256 /* APIService.swift */ = {isa = PBXFileReference; lastKnownFileType = sourcecode.swift; path = APIService.swift; sourceTree = "<group>"; };
		1802284726A5930C00168256 /* Movie.swift */ = {isa = PBXFileReference; lastKnownFileType = sourcecode.swift; path = Movie.swift; sourceTree = "<group>"; };
		1802284926A59B3500168256 /* MoviesResponse.swift */ = {isa = PBXFileReference; lastKnownFileType = sourcecode.swift; path = MoviesResponse.swift; sourceTree = "<group>"; };
		1802284C26A59BDD00168256 /* MovieDBApiTests.swift */ = {isa = PBXFileReference; lastKnownFileType = sourcecode.swift; path = MovieDBApiTests.swift; sourceTree = "<group>"; };
		186F65B826A5D6EB00F07D44 /* Person.swift */ = {isa = PBXFileReference; lastKnownFileType = sourcecode.swift; path = Person.swift; sourceTree = "<group>"; };
		186F65BA26A611FA00F07D44 /* MediaResponse.swift */ = {isa = PBXFileReference; lastKnownFileType = sourcecode.swift; path = MediaResponse.swift; sourceTree = "<group>"; };
		186F65BC26A6121200F07D44 /* Media.swift */ = {isa = PBXFileReference; lastKnownFileType = sourcecode.swift; path = Media.swift; sourceTree = "<group>"; };
		186F65BE26A623E500F07D44 /* Cast.swift */ = {isa = PBXFileReference; lastKnownFileType = sourcecode.swift; path = Cast.swift; sourceTree = "<group>"; };
		186F65C026A62B1A00F07D44 /* Video.swift */ = {isa = PBXFileReference; lastKnownFileType = sourcecode.swift; path = Video.swift; sourceTree = "<group>"; };
		186F65C226A633EF00F07D44 /* Genre.swift */ = {isa = PBXFileReference; lastKnownFileType = sourcecode.swift; path = Genre.swift; sourceTree = "<group>"; };
		186F65DC26A6D2C200F07D44 /* UIColor+HexValue.swift */ = {isa = PBXFileReference; lastKnownFileType = sourcecode.swift; path = "UIColor+HexValue.swift"; sourceTree = "<group>"; };
		186F65E026A6DFFD00F07D44 /* MovieTableViewCell.swift */ = {isa = PBXFileReference; lastKnownFileType = sourcecode.swift; path = MovieTableViewCell.swift; sourceTree = "<group>"; };
		186F65E226A6E0B300F07D44 /* MoviesViewModel.swift */ = {isa = PBXFileReference; lastKnownFileType = sourcecode.swift; path = MoviesViewModel.swift; sourceTree = "<group>"; };
		186F65E426A6E18000F07D44 /* MovieTableViewDataSource.swift */ = {isa = PBXFileReference; lastKnownFileType = sourcecode.swift; path = MovieTableViewDataSource.swift; sourceTree = "<group>"; };
		186F65E626A6EFB900F07D44 /* SectionHeaderView.swift */ = {isa = PBXFileReference; lastKnownFileType = sourcecode.swift; path = SectionHeaderView.swift; sourceTree = "<group>"; };
		186F65EE26A71BF900F07D44 /* StarRatingView.swift */ = {isa = PBXFileReference; lastKnownFileType = sourcecode.swift; path = StarRatingView.swift; sourceTree = "<group>"; };
		1C28736D0592DE9F18889E9B /* Pods_MovieApp.framework */ = {isa = PBXFileReference; explicitFileType = wrapper.framework; includeInIndex = 0; path = Pods_MovieApp.framework; sourceTree = BUILT_PRODUCTS_DIR; };
		1DAB726C4E4AC8E1FCB94992 /* Pods-MovieApp-MovieAppUITests.release.xcconfig */ = {isa = PBXFileReference; includeInIndex = 1; lastKnownFileType = text.xcconfig; name = "Pods-MovieApp-MovieAppUITests.release.xcconfig"; path = "Target Support Files/Pods-MovieApp-MovieAppUITests/Pods-MovieApp-MovieAppUITests.release.xcconfig"; sourceTree = "<group>"; };
		208C70958B6E1B9A5A720CA4 /* Pods_MovieApp_MovieAppUITests.framework */ = {isa = PBXFileReference; explicitFileType = wrapper.framework; includeInIndex = 0; path = Pods_MovieApp_MovieAppUITests.framework; sourceTree = BUILT_PRODUCTS_DIR; };
		33990DEDC9061674F20872F1 /* Pods-MovieApp-MovieAppUITests.debug.xcconfig */ = {isa = PBXFileReference; includeInIndex = 1; lastKnownFileType = text.xcconfig; name = "Pods-MovieApp-MovieAppUITests.debug.xcconfig"; path = "Target Support Files/Pods-MovieApp-MovieAppUITests/Pods-MovieApp-MovieAppUITests.debug.xcconfig"; sourceTree = "<group>"; };
		464CC727473AFA455F931874 /* Pods-MovieApp.release.xcconfig */ = {isa = PBXFileReference; includeInIndex = 1; lastKnownFileType = text.xcconfig; name = "Pods-MovieApp.release.xcconfig"; path = "Target Support Files/Pods-MovieApp/Pods-MovieApp.release.xcconfig"; sourceTree = "<group>"; };
		6695A7C53CC1DDD6852A16BF /* Pods-MovieAppTests.release.xcconfig */ = {isa = PBXFileReference; includeInIndex = 1; lastKnownFileType = text.xcconfig; name = "Pods-MovieAppTests.release.xcconfig"; path = "Target Support Files/Pods-MovieAppTests/Pods-MovieAppTests.release.xcconfig"; sourceTree = "<group>"; };
		7747C81B81FF06F7A5235B77 /* Pods-MovieApp.debug.xcconfig */ = {isa = PBXFileReference; includeInIndex = 1; lastKnownFileType = text.xcconfig; name = "Pods-MovieApp.debug.xcconfig"; path = "Target Support Files/Pods-MovieApp/Pods-MovieApp.debug.xcconfig"; sourceTree = "<group>"; };
		90D8EEE9CD854960E9529734 /* Pods_MovieAppTests.framework */ = {isa = PBXFileReference; explicitFileType = wrapper.framework; includeInIndex = 0; path = Pods_MovieAppTests.framework; sourceTree = BUILT_PRODUCTS_DIR; };
/* End PBXFileReference section */

/* Begin PBXFrameworksBuildPhase section */
		1802280926A5745A00168256 /* Frameworks */ = {
			isa = PBXFrameworksBuildPhase;
			buildActionMask = 2147483647;
			files = (
				7F4DD76455255F6320EA44C2 /* Pods_MovieApp.framework in Frameworks */,
			);
			runOnlyForDeploymentPostprocessing = 0;
		};
		1802281F26A5745F00168256 /* Frameworks */ = {
			isa = PBXFrameworksBuildPhase;
			buildActionMask = 2147483647;
			files = (
				F0C69F85A4482A84EF6AF0AD /* Pods_MovieAppTests.framework in Frameworks */,
			);
			runOnlyForDeploymentPostprocessing = 0;
		};
		1802282A26A5745F00168256 /* Frameworks */ = {
			isa = PBXFrameworksBuildPhase;
			buildActionMask = 2147483647;
			files = (
				1B610A5760577535F3E7115B /* Pods_MovieApp_MovieAppUITests.framework in Frameworks */,
			);
			runOnlyForDeploymentPostprocessing = 0;
		};
/* End PBXFrameworksBuildPhase section */

/* Begin PBXGroup section */
		1802280326A5745A00168256 = {
			isa = PBXGroup;
			children = (
				1802280E26A5745A00168256 /* MovieApp */,
				1802282526A5745F00168256 /* MovieAppTests */,
				1802283026A5745F00168256 /* MovieAppUITests */,
				1802280D26A5745A00168256 /* Products */,
				1F7F7566579A83FAFFB3CE83 /* Pods */,
				BFE775A9D2EED8079417B075 /* Frameworks */,
			);
			sourceTree = "<group>";
		};
		1802280D26A5745A00168256 /* Products */ = {
			isa = PBXGroup;
			children = (
				1802280C26A5745A00168256 /* MovieApp.app */,
				1802282226A5745F00168256 /* MovieAppTests.xctest */,
				1802282D26A5745F00168256 /* MovieAppUITests.xctest */,
			);
			name = Products;
			sourceTree = "<group>";
		};
		1802280E26A5745A00168256 /* MovieApp */ = {
			isa = PBXGroup;
			children = (
				186F65DF26A6DDFB00F07D44 /* Views */,
				186F65DE26A6DDED00F07D44 /* ViewModels */,
				1802284626A592FD00168256 /* Models */,
				1802283F26A591C400168256 /* Helper */,
				1802280F26A5745A00168256 /* AppDelegate.swift */,
				1802281126A5745A00168256 /* SceneDelegate.swift */,
				1802281326A5745A00168256 /* MainViewController.swift */,
				1802281526A5745A00168256 /* Main.storyboard */,
				1802281826A5745F00168256 /* Assets.xcassets */,
				1802281A26A5745F00168256 /* LaunchScreen.storyboard */,
				1802281D26A5745F00168256 /* Info.plist */,
			);
			path = MovieApp;
			sourceTree = "<group>";
		};
		1802282526A5745F00168256 /* MovieAppTests */ = {
			isa = PBXGroup;
			children = (
				1802284C26A59BDD00168256 /* MovieDBApiTests.swift */,
				1802282626A5745F00168256 /* MovieAppTests.swift */,
				1802282826A5745F00168256 /* Info.plist */,
			);
			path = MovieAppTests;
			sourceTree = "<group>";
		};
		1802283026A5745F00168256 /* MovieAppUITests */ = {
			isa = PBXGroup;
			children = (
				1802283126A5745F00168256 /* MovieAppUITests.swift */,
				1802283326A5745F00168256 /* Info.plist */,
			);
			path = MovieAppUITests;
			sourceTree = "<group>";
		};
		1802283F26A591C400168256 /* Helper */ = {
			isa = PBXGroup;
			children = (
				1802284026A591DC00168256 /* Constants.swift */,
				1802284226A5920300168256 /* Router.swift */,
				1802284426A5921100168256 /* APIService.swift */,
				186F65DC26A6D2C200F07D44 /* UIColor+HexValue.swift */,
				186F65E426A6E18000F07D44 /* MovieTableViewDataSource.swift */,
			);
			path = Helper;
			sourceTree = "<group>";
		};
		1802284626A592FD00168256 /* Models */ = {
			isa = PBXGroup;
			children = (
				1802284726A5930C00168256 /* Movie.swift */,
				1802284926A59B3500168256 /* MoviesResponse.swift */,
				186F65B826A5D6EB00F07D44 /* Person.swift */,
				186F65BA26A611FA00F07D44 /* MediaResponse.swift */,
				186F65BC26A6121200F07D44 /* Media.swift */,
				186F65BE26A623E500F07D44 /* Cast.swift */,
				186F65C026A62B1A00F07D44 /* Video.swift */,
				186F65C226A633EF00F07D44 /* Genre.swift */,
			);
			path = Models;
			sourceTree = "<group>";
		};
		186F65DE26A6DDED00F07D44 /* ViewModels */ = {
			isa = PBXGroup;
			children = (
				186F65E226A6E0B300F07D44 /* MoviesViewModel.swift */,
			);
			path = ViewModels;
			sourceTree = "<group>";
		};
		186F65DF26A6DDFB00F07D44 /* Views */ = {
			isa = PBXGroup;
			children = (
				186F65E026A6DFFD00F07D44 /* MovieTableViewCell.swift */,
				186F65E626A6EFB900F07D44 /* SectionHeaderView.swift */,
				186F65EE26A71BF900F07D44 /* StarRatingView.swift */,
			);
			path = Views;
			sourceTree = "<group>";
		};
		1F7F7566579A83FAFFB3CE83 /* Pods */ = {
			isa = PBXGroup;
			children = (
				7747C81B81FF06F7A5235B77 /* Pods-MovieApp.debug.xcconfig */,
				464CC727473AFA455F931874 /* Pods-MovieApp.release.xcconfig */,
				33990DEDC9061674F20872F1 /* Pods-MovieApp-MovieAppUITests.debug.xcconfig */,
				1DAB726C4E4AC8E1FCB94992 /* Pods-MovieApp-MovieAppUITests.release.xcconfig */,
				1581DC3817EC98C8C8C02F18 /* Pods-MovieAppTests.debug.xcconfig */,
				6695A7C53CC1DDD6852A16BF /* Pods-MovieAppTests.release.xcconfig */,
			);
			path = Pods;
			sourceTree = "<group>";
		};
		BFE775A9D2EED8079417B075 /* Frameworks */ = {
			isa = PBXGroup;
			children = (
				1C28736D0592DE9F18889E9B /* Pods_MovieApp.framework */,
				208C70958B6E1B9A5A720CA4 /* Pods_MovieApp_MovieAppUITests.framework */,
				90D8EEE9CD854960E9529734 /* Pods_MovieAppTests.framework */,
			);
			name = Frameworks;
			sourceTree = "<group>";
		};
/* End PBXGroup section */

/* Begin PBXNativeTarget section */
		1802280B26A5745A00168256 /* MovieApp */ = {
			isa = PBXNativeTarget;
			buildConfigurationList = 1802283626A5745F00168256 /* Build configuration list for PBXNativeTarget "MovieApp" */;
			buildPhases = (
				E740DFA5AFF34479DDA7CD60 /* [CP] Check Pods Manifest.lock */,
				1802280826A5745A00168256 /* Sources */,
				1802280926A5745A00168256 /* Frameworks */,
				1802280A26A5745A00168256 /* Resources */,
				94A34E9BF16EDBA880F070CC /* [CP] Embed Pods Frameworks */,
			);
			buildRules = (
			);
			dependencies = (
			);
			name = MovieApp;
			productName = MovieApp;
			productReference = 1802280C26A5745A00168256 /* MovieApp.app */;
			productType = "com.apple.product-type.application";
		};
		1802282126A5745F00168256 /* MovieAppTests */ = {
			isa = PBXNativeTarget;
			buildConfigurationList = 1802283926A5745F00168256 /* Build configuration list for PBXNativeTarget "MovieAppTests" */;
			buildPhases = (
				00EC881291DCD70B8CB47195 /* [CP] Check Pods Manifest.lock */,
				1802281E26A5745F00168256 /* Sources */,
				1802281F26A5745F00168256 /* Frameworks */,
				1802282026A5745F00168256 /* Resources */,
			);
			buildRules = (
			);
			dependencies = (
				1802282426A5745F00168256 /* PBXTargetDependency */,
			);
			name = MovieAppTests;
			productName = MovieAppTests;
			productReference = 1802282226A5745F00168256 /* MovieAppTests.xctest */;
			productType = "com.apple.product-type.bundle.unit-test";
		};
		1802282C26A5745F00168256 /* MovieAppUITests */ = {
			isa = PBXNativeTarget;
			buildConfigurationList = 1802283C26A5745F00168256 /* Build configuration list for PBXNativeTarget "MovieAppUITests" */;
			buildPhases = (
				C3393872A661E406DDAEFA1D /* [CP] Check Pods Manifest.lock */,
				1802282926A5745F00168256 /* Sources */,
				1802282A26A5745F00168256 /* Frameworks */,
				1802282B26A5745F00168256 /* Resources */,
				B09FA3178773F9C05B7D3994 /* [CP] Embed Pods Frameworks */,
			);
			buildRules = (
			);
			dependencies = (
				1802282F26A5745F00168256 /* PBXTargetDependency */,
			);
			name = MovieAppUITests;
			productName = MovieAppUITests;
			productReference = 1802282D26A5745F00168256 /* MovieAppUITests.xctest */;
			productType = "com.apple.product-type.bundle.ui-testing";
		};
/* End PBXNativeTarget section */

/* Begin PBXProject section */
		1802280426A5745A00168256 /* Project object */ = {
			isa = PBXProject;
			attributes = {
				LastSwiftUpdateCheck = 1250;
				LastUpgradeCheck = 1250;
				TargetAttributes = {
					1802280B26A5745A00168256 = {
						CreatedOnToolsVersion = 12.5;
					};
					1802282126A5745F00168256 = {
						CreatedOnToolsVersion = 12.5;
						TestTargetID = 1802280B26A5745A00168256;
					};
					1802282C26A5745F00168256 = {
						CreatedOnToolsVersion = 12.5;
						TestTargetID = 1802280B26A5745A00168256;
					};
				};
			};
			buildConfigurationList = 1802280726A5745A00168256 /* Build configuration list for PBXProject "MovieApp" */;
			compatibilityVersion = "Xcode 9.3";
			developmentRegion = en;
			hasScannedForEncodings = 0;
			knownRegions = (
				en,
				Base,
			);
			mainGroup = 1802280326A5745A00168256;
			productRefGroup = 1802280D26A5745A00168256 /* Products */;
			projectDirPath = "";
			projectRoot = "";
			targets = (
				1802280B26A5745A00168256 /* MovieApp */,
				1802282126A5745F00168256 /* MovieAppTests */,
				1802282C26A5745F00168256 /* MovieAppUITests */,
			);
		};
/* End PBXProject section */

/* Begin PBXResourcesBuildPhase section */
		1802280A26A5745A00168256 /* Resources */ = {
			isa = PBXResourcesBuildPhase;
			buildActionMask = 2147483647;
			files = (
				1802281C26A5745F00168256 /* LaunchScreen.storyboard in Resources */,
				1802281926A5745F00168256 /* Assets.xcassets in Resources */,
				1802281726A5745A00168256 /* Main.storyboard in Resources */,
			);
			runOnlyForDeploymentPostprocessing = 0;
		};
		1802282026A5745F00168256 /* Resources */ = {
			isa = PBXResourcesBuildPhase;
			buildActionMask = 2147483647;
			files = (
			);
			runOnlyForDeploymentPostprocessing = 0;
		};
		1802282B26A5745F00168256 /* Resources */ = {
			isa = PBXResourcesBuildPhase;
			buildActionMask = 2147483647;
			files = (
			);
			runOnlyForDeploymentPostprocessing = 0;
		};
/* End PBXResourcesBuildPhase section */

/* Begin PBXShellScriptBuildPhase section */
		00EC881291DCD70B8CB47195 /* [CP] Check Pods Manifest.lock */ = {
			isa = PBXShellScriptBuildPhase;
			buildActionMask = 2147483647;
			files = (
			);
			inputFileListPaths = (
			);
			inputPaths = (
				"${PODS_PODFILE_DIR_PATH}/Podfile.lock",
				"${PODS_ROOT}/Manifest.lock",
			);
			name = "[CP] Check Pods Manifest.lock";
			outputFileListPaths = (
			);
			outputPaths = (
				"$(DERIVED_FILE_DIR)/Pods-MovieAppTests-checkManifestLockResult.txt",
			);
			runOnlyForDeploymentPostprocessing = 0;
			shellPath = /bin/sh;
			shellScript = "diff \"${PODS_PODFILE_DIR_PATH}/Podfile.lock\" \"${PODS_ROOT}/Manifest.lock\" > /dev/null\nif [ $? != 0 ] ; then\n    # print error to STDERR\n    echo \"error: The sandbox is not in sync with the Podfile.lock. Run 'pod install' or update your CocoaPods installation.\" >&2\n    exit 1\nfi\n# This output is used by Xcode 'outputs' to avoid re-running this script phase.\necho \"SUCCESS\" > \"${SCRIPT_OUTPUT_FILE_0}\"\n";
			showEnvVarsInLog = 0;
		};
		94A34E9BF16EDBA880F070CC /* [CP] Embed Pods Frameworks */ = {
			isa = PBXShellScriptBuildPhase;
			buildActionMask = 2147483647;
			files = (
			);
			inputFileListPaths = (
				"${PODS_ROOT}/Target Support Files/Pods-MovieApp/Pods-MovieApp-frameworks-${CONFIGURATION}-input-files.xcfilelist",
			);
			name = "[CP] Embed Pods Frameworks";
			outputFileListPaths = (
				"${PODS_ROOT}/Target Support Files/Pods-MovieApp/Pods-MovieApp-frameworks-${CONFIGURATION}-output-files.xcfilelist",
			);
			runOnlyForDeploymentPostprocessing = 0;
			shellPath = /bin/sh;
			shellScript = "\"${PODS_ROOT}/Target Support Files/Pods-MovieApp/Pods-MovieApp-frameworks.sh\"\n";
			showEnvVarsInLog = 0;
		};
		B09FA3178773F9C05B7D3994 /* [CP] Embed Pods Frameworks */ = {
			isa = PBXShellScriptBuildPhase;
			buildActionMask = 2147483647;
			files = (
			);
			inputFileListPaths = (
				"${PODS_ROOT}/Target Support Files/Pods-MovieApp-MovieAppUITests/Pods-MovieApp-MovieAppUITests-frameworks-${CONFIGURATION}-input-files.xcfilelist",
			);
			name = "[CP] Embed Pods Frameworks";
			outputFileListPaths = (
				"${PODS_ROOT}/Target Support Files/Pods-MovieApp-MovieAppUITests/Pods-MovieApp-MovieAppUITests-frameworks-${CONFIGURATION}-output-files.xcfilelist",
			);
			runOnlyForDeploymentPostprocessing = 0;
			shellPath = /bin/sh;
			shellScript = "\"${PODS_ROOT}/Target Support Files/Pods-MovieApp-MovieAppUITests/Pods-MovieApp-MovieAppUITests-frameworks.sh\"\n";
			showEnvVarsInLog = 0;
		};
		C3393872A661E406DDAEFA1D /* [CP] Check Pods Manifest.lock */ = {
			isa = PBXShellScriptBuildPhase;
			buildActionMask = 2147483647;
			files = (
			);
			inputFileListPaths = (
			);
			inputPaths = (
				"${PODS_PODFILE_DIR_PATH}/Podfile.lock",
				"${PODS_ROOT}/Manifest.lock",
			);
			name = "[CP] Check Pods Manifest.lock";
			outputFileListPaths = (
			);
			outputPaths = (
				"$(DERIVED_FILE_DIR)/Pods-MovieApp-MovieAppUITests-checkManifestLockResult.txt",
			);
			runOnlyForDeploymentPostprocessing = 0;
			shellPath = /bin/sh;
			shellScript = "diff \"${PODS_PODFILE_DIR_PATH}/Podfile.lock\" \"${PODS_ROOT}/Manifest.lock\" > /dev/null\nif [ $? != 0 ] ; then\n    # print error to STDERR\n    echo \"error: The sandbox is not in sync with the Podfile.lock. Run 'pod install' or update your CocoaPods installation.\" >&2\n    exit 1\nfi\n# This output is used by Xcode 'outputs' to avoid re-running this script phase.\necho \"SUCCESS\" > \"${SCRIPT_OUTPUT_FILE_0}\"\n";
			showEnvVarsInLog = 0;
		};
		E740DFA5AFF34479DDA7CD60 /* [CP] Check Pods Manifest.lock */ = {
			isa = PBXShellScriptBuildPhase;
			buildActionMask = 2147483647;
			files = (
			);
			inputFileListPaths = (
			);
			inputPaths = (
				"${PODS_PODFILE_DIR_PATH}/Podfile.lock",
				"${PODS_ROOT}/Manifest.lock",
			);
			name = "[CP] Check Pods Manifest.lock";
			outputFileListPaths = (
			);
			outputPaths = (
				"$(DERIVED_FILE_DIR)/Pods-MovieApp-checkManifestLockResult.txt",
			);
			runOnlyForDeploymentPostprocessing = 0;
			shellPath = /bin/sh;
			shellScript = "diff \"${PODS_PODFILE_DIR_PATH}/Podfile.lock\" \"${PODS_ROOT}/Manifest.lock\" > /dev/null\nif [ $? != 0 ] ; then\n    # print error to STDERR\n    echo \"error: The sandbox is not in sync with the Podfile.lock. Run 'pod install' or update your CocoaPods installation.\" >&2\n    exit 1\nfi\n# This output is used by Xcode 'outputs' to avoid re-running this script phase.\necho \"SUCCESS\" > \"${SCRIPT_OUTPUT_FILE_0}\"\n";
			showEnvVarsInLog = 0;
		};
/* End PBXShellScriptBuildPhase section */

/* Begin PBXSourcesBuildPhase section */
		1802280826A5745A00168256 /* Sources */ = {
			isa = PBXSourcesBuildPhase;
			buildActionMask = 2147483647;
			files = (
				186F65BD26A6121200F07D44 /* Media.swift in Sources */,
				186F65B926A5D6EB00F07D44 /* Person.swift in Sources */,
				186F65E326A6E0B300F07D44 /* MoviesViewModel.swift in Sources */,
				1802284826A5930C00168256 /* Movie.swift in Sources */,
				1802284A26A59B3500168256 /* MoviesResponse.swift in Sources */,
				186F65BF26A623E600F07D44 /* Cast.swift in Sources */,
				1802281426A5745A00168256 /* MainViewController.swift in Sources */,
				186F65E126A6DFFD00F07D44 /* MovieTableViewCell.swift in Sources */,
				1802281026A5745A00168256 /* AppDelegate.swift in Sources */,
				186F65E726A6EFB900F07D44 /* SectionHeaderView.swift in Sources */,
				186F65E526A6E18000F07D44 /* MovieTableViewDataSource.swift in Sources */,
				186F65BB26A611FA00F07D44 /* MediaResponse.swift in Sources */,
				1802284326A5920300168256 /* Router.swift in Sources */,
				186F65EF26A71BF900F07D44 /* StarRatingView.swift in Sources */,
				186F65C126A62B1A00F07D44 /* Video.swift in Sources */,
				186F65DD26A6D2C200F07D44 /* UIColor+HexValue.swift in Sources */,
				1802281226A5745A00168256 /* SceneDelegate.swift in Sources */,
				1802284526A5921100168256 /* APIService.swift in Sources */,
				1802284126A591DC00168256 /* Constants.swift in Sources */,
				186F65C326A633EF00F07D44 /* Genre.swift in Sources */,
			);
			runOnlyForDeploymentPostprocessing = 0;
		};
		1802281E26A5745F00168256 /* Sources */ = {
			isa = PBXSourcesBuildPhase;
			buildActionMask = 2147483647;
			files = (
				1802282726A5745F00168256 /* MovieAppTests.swift in Sources */,
				1802284D26A59BDD00168256 /* MovieDBApiTests.swift in Sources */,
			);
			runOnlyForDeploymentPostprocessing = 0;
		};
		1802282926A5745F00168256 /* Sources */ = {
			isa = PBXSourcesBuildPhase;
			buildActionMask = 2147483647;
			files = (
				1802283226A5745F00168256 /* MovieAppUITests.swift in Sources */,
			);
			runOnlyForDeploymentPostprocessing = 0;
		};
/* End PBXSourcesBuildPhase section */

/* Begin PBXTargetDependency section */
		1802282426A5745F00168256 /* PBXTargetDependency */ = {
			isa = PBXTargetDependency;
			target = 1802280B26A5745A00168256 /* MovieApp */;
			targetProxy = 1802282326A5745F00168256 /* PBXContainerItemProxy */;
		};
		1802282F26A5745F00168256 /* PBXTargetDependency */ = {
			isa = PBXTargetDependency;
			target = 1802280B26A5745A00168256 /* MovieApp */;
			targetProxy = 1802282E26A5745F00168256 /* PBXContainerItemProxy */;
		};
/* End PBXTargetDependency section */

/* Begin PBXVariantGroup section */
		1802281526A5745A00168256 /* Main.storyboard */ = {
			isa = PBXVariantGroup;
			children = (
				1802281626A5745A00168256 /* Base */,
			);
			name = Main.storyboard;
			sourceTree = "<group>";
		};
		1802281A26A5745F00168256 /* LaunchScreen.storyboard */ = {
			isa = PBXVariantGroup;
			children = (
				1802281B26A5745F00168256 /* Base */,
			);
			name = LaunchScreen.storyboard;
			sourceTree = "<group>";
		};
/* End PBXVariantGroup section */

/* Begin XCBuildConfiguration section */
		1802283426A5745F00168256 /* Debug */ = {
			isa = XCBuildConfiguration;
			buildSettings = {
				ALWAYS_SEARCH_USER_PATHS = NO;
				CLANG_ANALYZER_NONNULL = YES;
				CLANG_ANALYZER_NUMBER_OBJECT_CONVERSION = YES_AGGRESSIVE;
				CLANG_CXX_LANGUAGE_STANDARD = "gnu++14";
				CLANG_CXX_LIBRARY = "libc++";
				CLANG_ENABLE_MODULES = YES;
				CLANG_ENABLE_OBJC_ARC = YES;
				CLANG_ENABLE_OBJC_WEAK = YES;
				CLANG_WARN_BLOCK_CAPTURE_AUTORELEASING = YES;
				CLANG_WARN_BOOL_CONVERSION = YES;
				CLANG_WARN_COMMA = YES;
				CLANG_WARN_CONSTANT_CONVERSION = YES;
				CLANG_WARN_DEPRECATED_OBJC_IMPLEMENTATIONS = YES;
				CLANG_WARN_DIRECT_OBJC_ISA_USAGE = YES_ERROR;
				CLANG_WARN_DOCUMENTATION_COMMENTS = YES;
				CLANG_WARN_EMPTY_BODY = YES;
				CLANG_WARN_ENUM_CONVERSION = YES;
				CLANG_WARN_INFINITE_RECURSION = YES;
				CLANG_WARN_INT_CONVERSION = YES;
				CLANG_WARN_NON_LITERAL_NULL_CONVERSION = YES;
				CLANG_WARN_OBJC_IMPLICIT_RETAIN_SELF = YES;
				CLANG_WARN_OBJC_LITERAL_CONVERSION = YES;
				CLANG_WARN_OBJC_ROOT_CLASS = YES_ERROR;
				CLANG_WARN_QUOTED_INCLUDE_IN_FRAMEWORK_HEADER = YES;
				CLANG_WARN_RANGE_LOOP_ANALYSIS = YES;
				CLANG_WARN_STRICT_PROTOTYPES = YES;
				CLANG_WARN_SUSPICIOUS_MOVE = YES;
				CLANG_WARN_UNGUARDED_AVAILABILITY = YES_AGGRESSIVE;
				CLANG_WARN_UNREACHABLE_CODE = YES;
				CLANG_WARN__DUPLICATE_METHOD_MATCH = YES;
				COPY_PHASE_STRIP = NO;
				DEBUG_INFORMATION_FORMAT = dwarf;
				ENABLE_STRICT_OBJC_MSGSEND = YES;
				ENABLE_TESTABILITY = YES;
				GCC_C_LANGUAGE_STANDARD = gnu11;
				GCC_DYNAMIC_NO_PIC = NO;
				GCC_NO_COMMON_BLOCKS = YES;
				GCC_OPTIMIZATION_LEVEL = 0;
				GCC_PREPROCESSOR_DEFINITIONS = (
					"DEBUG=1",
					"$(inherited)",
				);
				GCC_WARN_64_TO_32_BIT_CONVERSION = YES;
				GCC_WARN_ABOUT_RETURN_TYPE = YES_ERROR;
				GCC_WARN_UNDECLARED_SELECTOR = YES;
				GCC_WARN_UNINITIALIZED_AUTOS = YES_AGGRESSIVE;
				GCC_WARN_UNUSED_FUNCTION = YES;
				GCC_WARN_UNUSED_VARIABLE = YES;
				IPHONEOS_DEPLOYMENT_TARGET = 14.5;
				MTL_ENABLE_DEBUG_INFO = INCLUDE_SOURCE;
				MTL_FAST_MATH = YES;
				ONLY_ACTIVE_ARCH = YES;
				SDKROOT = iphoneos;
				SWIFT_ACTIVE_COMPILATION_CONDITIONS = DEBUG;
				SWIFT_OPTIMIZATION_LEVEL = "-Onone";
			};
			name = Debug;
		};
		1802283526A5745F00168256 /* Release */ = {
			isa = XCBuildConfiguration;
			buildSettings = {
				ALWAYS_SEARCH_USER_PATHS = NO;
				CLANG_ANALYZER_NONNULL = YES;
				CLANG_ANALYZER_NUMBER_OBJECT_CONVERSION = YES_AGGRESSIVE;
				CLANG_CXX_LANGUAGE_STANDARD = "gnu++14";
				CLANG_CXX_LIBRARY = "libc++";
				CLANG_ENABLE_MODULES = YES;
				CLANG_ENABLE_OBJC_ARC = YES;
				CLANG_ENABLE_OBJC_WEAK = YES;
				CLANG_WARN_BLOCK_CAPTURE_AUTORELEASING = YES;
				CLANG_WARN_BOOL_CONVERSION = YES;
				CLANG_WARN_COMMA = YES;
				CLANG_WARN_CONSTANT_CONVERSION = YES;
				CLANG_WARN_DEPRECATED_OBJC_IMPLEMENTATIONS = YES;
				CLANG_WARN_DIRECT_OBJC_ISA_USAGE = YES_ERROR;
				CLANG_WARN_DOCUMENTATION_COMMENTS = YES;
				CLANG_WARN_EMPTY_BODY = YES;
				CLANG_WARN_ENUM_CONVERSION = YES;
				CLANG_WARN_INFINITE_RECURSION = YES;
				CLANG_WARN_INT_CONVERSION = YES;
				CLANG_WARN_NON_LITERAL_NULL_CONVERSION = YES;
				CLANG_WARN_OBJC_IMPLICIT_RETAIN_SELF = YES;
				CLANG_WARN_OBJC_LITERAL_CONVERSION = YES;
				CLANG_WARN_OBJC_ROOT_CLASS = YES_ERROR;
				CLANG_WARN_QUOTED_INCLUDE_IN_FRAMEWORK_HEADER = YES;
				CLANG_WARN_RANGE_LOOP_ANALYSIS = YES;
				CLANG_WARN_STRICT_PROTOTYPES = YES;
				CLANG_WARN_SUSPICIOUS_MOVE = YES;
				CLANG_WARN_UNGUARDED_AVAILABILITY = YES_AGGRESSIVE;
				CLANG_WARN_UNREACHABLE_CODE = YES;
				CLANG_WARN__DUPLICATE_METHOD_MATCH = YES;
				COPY_PHASE_STRIP = NO;
				DEBUG_INFORMATION_FORMAT = "dwarf-with-dsym";
				ENABLE_NS_ASSERTIONS = NO;
				ENABLE_STRICT_OBJC_MSGSEND = YES;
				GCC_C_LANGUAGE_STANDARD = gnu11;
				GCC_NO_COMMON_BLOCKS = YES;
				GCC_WARN_64_TO_32_BIT_CONVERSION = YES;
				GCC_WARN_ABOUT_RETURN_TYPE = YES_ERROR;
				GCC_WARN_UNDECLARED_SELECTOR = YES;
				GCC_WARN_UNINITIALIZED_AUTOS = YES_AGGRESSIVE;
				GCC_WARN_UNUSED_FUNCTION = YES;
				GCC_WARN_UNUSED_VARIABLE = YES;
				IPHONEOS_DEPLOYMENT_TARGET = 14.5;
				MTL_ENABLE_DEBUG_INFO = NO;
				MTL_FAST_MATH = YES;
				SDKROOT = iphoneos;
				SWIFT_COMPILATION_MODE = wholemodule;
				SWIFT_OPTIMIZATION_LEVEL = "-O";
				VALIDATE_PRODUCT = YES;
			};
			name = Release;
		};
		1802283726A5745F00168256 /* Debug */ = {
			isa = XCBuildConfiguration;
			baseConfigurationReference = 7747C81B81FF06F7A5235B77 /* Pods-MovieApp.debug.xcconfig */;
			buildSettings = {
				ASSETCATALOG_COMPILER_APPICON_NAME = AppIcon;
				ASSETCATALOG_COMPILER_GLOBAL_ACCENT_COLOR_NAME = AccentColor;
				CODE_SIGN_STYLE = Automatic;
				DEVELOPMENT_TEAM = KA6X8M94YM;
				INFOPLIST_FILE = MovieApp/Info.plist;
				IPHONEOS_DEPLOYMENT_TARGET = 10.0;
				LD_RUNPATH_SEARCH_PATHS = (
					"$(inherited)",
					"@executable_path/Frameworks",
				);
				PRODUCT_BUNDLE_IDENTIFIER = com.yoktan.MovieApp;
				PRODUCT_NAME = "$(TARGET_NAME)";
				SWIFT_VERSION = 5.0;
				TARGETED_DEVICE_FAMILY = "1,2";
			};
			name = Debug;
		};
		1802283826A5745F00168256 /* Release */ = {
			isa = XCBuildConfiguration;
			baseConfigurationReference = 464CC727473AFA455F931874 /* Pods-MovieApp.release.xcconfig */;
			buildSettings = {
				ASSETCATALOG_COMPILER_APPICON_NAME = AppIcon;
				ASSETCATALOG_COMPILER_GLOBAL_ACCENT_COLOR_NAME = AccentColor;
				CODE_SIGN_STYLE = Automatic;
				DEVELOPMENT_TEAM = KA6X8M94YM;
				INFOPLIST_FILE = MovieApp/Info.plist;
				IPHONEOS_DEPLOYMENT_TARGET = 10.0;
				LD_RUNPATH_SEARCH_PATHS = (
					"$(inherited)",
					"@executable_path/Frameworks",
				);
				PRODUCT_BUNDLE_IDENTIFIER = com.yoktan.MovieApp;
				PRODUCT_NAME = "$(TARGET_NAME)";
				SWIFT_VERSION = 5.0;
				TARGETED_DEVICE_FAMILY = "1,2";
			};
			name = Release;
		};
		1802283A26A5745F00168256 /* Debug */ = {
			isa = XCBuildConfiguration;
			baseConfigurationReference = 1581DC3817EC98C8C8C02F18 /* Pods-MovieAppTests.debug.xcconfig */;
			buildSettings = {
				ALWAYS_EMBED_SWIFT_STANDARD_LIBRARIES = YES;
				BUNDLE_LOADER = "$(TEST_HOST)";
				CODE_SIGN_STYLE = Automatic;
				DEVELOPMENT_TEAM = KA6X8M94YM;
				INFOPLIST_FILE = MovieAppTests/Info.plist;
				IPHONEOS_DEPLOYMENT_TARGET = 14.5;
				LD_RUNPATH_SEARCH_PATHS = (
					"$(inherited)",
					"@executable_path/Frameworks",
					"@loader_path/Frameworks",
				);
				PRODUCT_BUNDLE_IDENTIFIER = com.yoktan.MovieAppTests;
				PRODUCT_NAME = "$(TARGET_NAME)";
				SWIFT_VERSION = 5.0;
				TARGETED_DEVICE_FAMILY = "1,2";
				TEST_HOST = "$(BUILT_PRODUCTS_DIR)/MovieApp.app/MovieApp";
			};
			name = Debug;
		};
		1802283B26A5745F00168256 /* Release */ = {
			isa = XCBuildConfiguration;
			baseConfigurationReference = 6695A7C53CC1DDD6852A16BF /* Pods-MovieAppTests.release.xcconfig */;
			buildSettings = {
				ALWAYS_EMBED_SWIFT_STANDARD_LIBRARIES = YES;
				BUNDLE_LOADER = "$(TEST_HOST)";
				CODE_SIGN_STYLE = Automatic;
				DEVELOPMENT_TEAM = KA6X8M94YM;
				INFOPLIST_FILE = MovieAppTests/Info.plist;
				IPHONEOS_DEPLOYMENT_TARGET = 14.5;
				LD_RUNPATH_SEARCH_PATHS = (
					"$(inherited)",
					"@executable_path/Frameworks",
					"@loader_path/Frameworks",
				);
				PRODUCT_BUNDLE_IDENTIFIER = com.yoktan.MovieAppTests;
				PRODUCT_NAME = "$(TARGET_NAME)";
				SWIFT_VERSION = 5.0;
				TARGETED_DEVICE_FAMILY = "1,2";
				TEST_HOST = "$(BUILT_PRODUCTS_DIR)/MovieApp.app/MovieApp";
			};
			name = Release;
		};
		1802283D26A5745F00168256 /* Debug */ = {
			isa = XCBuildConfiguration;
			baseConfigurationReference = 33990DEDC9061674F20872F1 /* Pods-MovieApp-MovieAppUITests.debug.xcconfig */;
			buildSettings = {
				ALWAYS_EMBED_SWIFT_STANDARD_LIBRARIES = YES;
				CODE_SIGN_STYLE = Automatic;
				DEVELOPMENT_TEAM = KA6X8M94YM;
				INFOPLIST_FILE = MovieAppUITests/Info.plist;
				LD_RUNPATH_SEARCH_PATHS = (
					"$(inherited)",
					"@executable_path/Frameworks",
					"@loader_path/Frameworks",
				);
				PRODUCT_BUNDLE_IDENTIFIER = com.yoktan.MovieAppUITests;
				PRODUCT_NAME = "$(TARGET_NAME)";
				SWIFT_VERSION = 5.0;
				TARGETED_DEVICE_FAMILY = "1,2";
				TEST_TARGET_NAME = MovieApp;
			};
			name = Debug;
		};
		1802283E26A5745F00168256 /* Release */ = {
			isa = XCBuildConfiguration;
			baseConfigurationReference = 1DAB726C4E4AC8E1FCB94992 /* Pods-MovieApp-MovieAppUITests.release.xcconfig */;
			buildSettings = {
				ALWAYS_EMBED_SWIFT_STANDARD_LIBRARIES = YES;
				CODE_SIGN_STYLE = Automatic;
				DEVELOPMENT_TEAM = KA6X8M94YM;
				INFOPLIST_FILE = MovieAppUITests/Info.plist;
				LD_RUNPATH_SEARCH_PATHS = (
					"$(inherited)",
					"@executable_path/Frameworks",
					"@loader_path/Frameworks",
				);
				PRODUCT_BUNDLE_IDENTIFIER = com.yoktan.MovieAppUITests;
				PRODUCT_NAME = "$(TARGET_NAME)";
				SWIFT_VERSION = 5.0;
				TARGETED_DEVICE_FAMILY = "1,2";
				TEST_TARGET_NAME = MovieApp;
			};
			name = Release;
		};
/* End XCBuildConfiguration section */

/* Begin XCConfigurationList section */
		1802280726A5745A00168256 /* Build configuration list for PBXProject "MovieApp" */ = {
			isa = XCConfigurationList;
			buildConfigurations = (
				1802283426A5745F00168256 /* Debug */,
				1802283526A5745F00168256 /* Release */,
			);
			defaultConfigurationIsVisible = 0;
			defaultConfigurationName = Release;
		};
		1802283626A5745F00168256 /* Build configuration list for PBXNativeTarget "MovieApp" */ = {
			isa = XCConfigurationList;
			buildConfigurations = (
				1802283726A5745F00168256 /* Debug */,
				1802283826A5745F00168256 /* Release */,
			);
			defaultConfigurationIsVisible = 0;
			defaultConfigurationName = Release;
		};
		1802283926A5745F00168256 /* Build configuration list for PBXNativeTarget "MovieAppTests" */ = {
			isa = XCConfigurationList;
			buildConfigurations = (
				1802283A26A5745F00168256 /* Debug */,
				1802283B26A5745F00168256 /* Release */,
			);
			defaultConfigurationIsVisible = 0;
			defaultConfigurationName = Release;
		};
		1802283C26A5745F00168256 /* Build configuration list for PBXNativeTarget "MovieAppUITests" */ = {
			isa = XCConfigurationList;
			buildConfigurations = (
				1802283D26A5745F00168256 /* Debug */,
				1802283E26A5745F00168256 /* Release */,
			);
			defaultConfigurationIsVisible = 0;
			defaultConfigurationName = Release;
		};
/* End XCConfigurationList section */
	};
	rootObject = 1802280426A5745A00168256 /* Project object */;
}
